
Microsoft Visual Studio Solution File, Format Version 12.00
# Visual Studio Version 16
VisualStudioVersion = 16.0.28917.181
MinimumVisualStudioVersion = 10.0.40219.1
Project("{FAE04EC0-301F-11D3-BF4B-00C04F79EFBC}") = "SeekAndArchive", "SeekAndArchive.csproj", "{AD86F66C-8FF6-4D0F-81C7-C1FE42CFE1A7}"
EndProject
Global
	GlobalSection(SolutionConfigurationPlatforms) = preSolution
		Debug|Any CPU = Debug|Any CPU
		Release|Any CPU = Release|Any CPU
	EndGlobalSection
	GlobalSection(ProjectConfigurationPlatforms) = postSolution
		{AD86F66C-8FF6-4D0F-81C7-C1FE42CFE1A7}.Debug|Any CPU.ActiveCfg = Debug|Any CPU
		{AD86F66C-8FF6-4D0F-81C7-C1FE42CFE1A7}.Debug|Any CPU.Build.0 = Debug|Any CPU
		{AD86F66C-8FF6-4D0F-81C7-C1FE42CFE1A7}.Release|Any CPU.ActiveCfg = Release|Any CPU
		{AD86F66C-8FF6-4D0F-81C7-C1FE42CFE1A7}.Release|Any CPU.Build.0 = Release|Any CPU
	EndGlobalSection
	GlobalSection(SolutionProperties) = preSolution
		HideSolutionNode = FALSE
	EndGlobalSection
	GlobalSection(ExtensibilityGlobals) = postSolution
		SolutionGuid = {5BB5B946-099D-4EBB-A996-8CCBB7FB7D65}
	EndGlobalSection
EndGlobal
